
Microsoft Visual Studio Solution File, Format Version 12.00
# Visual Studio Version 16
VisualStudioVersion = 16.0.30804.86
MinimumVisualStudioVersion = 10.0.40219.1
Project("{9A19103F-16F7-4668-BE54-9A1E7A4F7556}") = "JankWorks", "JankWorks\JankWorks.csproj", "{4A15D24C-66B8-4777-8C62-D107EE7A0E31}"
EndProject
Project("{9A19103F-16F7-4668-BE54-9A1E7A4F7556}") = "JankWorks.Glfw", "JankWorks.Glfw\JankWorks.Glfw.csproj", "{97698EA6-8610-4FE7-9F32-D8DD3A73A565}"
EndProject
Project("{9A19103F-16F7-4668-BE54-9A1E7A4F7556}") = "JankWorks.OpenGL", "JankWorks.OpenGL\JankWorks.OpenGL.csproj", "{6561EB31-0885-4F4B-A229-31E01D826C7A}"
EndProject
Project("{9A19103F-16F7-4668-BE54-9A1E7A4F7556}") = "JankWorks.DotNet", "JankWorks.DotNet\JankWorks.DotNet.csproj", "{4580DA38-07CB-481E-8EFD-725E029C740A}"
EndProject
Project("{2150E333-8FDC-42A3-9474-1A3956D46DE8}") = "Solution Items", "Solution Items", "{2A8F212A-B278-4D04-9954-D3BA10C209AD}"
	ProjectSection(SolutionItems) = preProject
		README.md = README.md
	EndProjectSection
EndProject
Project("{9A19103F-16F7-4668-BE54-9A1E7A4F7556}") = "Triangle", "Examples\Triangle\Triangle.csproj", "{69A42AD0-F66B-4B5C-BB0F-8F9B1E514432}"
EndProject
Project("{9A19103F-16F7-4668-BE54-9A1E7A4F7556}") = "JankWorks.Game", "JankWorks.Game\JankWorks.Game.csproj", "{1D8E818A-4D69-498B-AA95-978178283A66}"
EndProject
Project("{9A19103F-16F7-4668-BE54-9A1E7A4F7556}") = "JankWorks.FreeType", "JankWorks.FreeType\JankWorks.FreeType.csproj", "{2BDE109B-7938-42E0-81CC-B19BFDC41957}"
EndProject
Project("{9A19103F-16F7-4668-BE54-9A1E7A4F7556}") = "Tests", "Tests\Tests.csproj", "{06F01A5C-BF69-49F6-B87A-1E42A6A4B381}"
EndProject
Project("{9A19103F-16F7-4668-BE54-9A1E7A4F7556}") = "JankWorks.OpenAL", "JankWorks.OpenAL\JankWorks.OpenAL.csproj", "{4D692140-78AF-498A-B995-E6B70400E86B}"
EndProject
Project("{9A19103F-16F7-4668-BE54-9A1E7A4F7556}") = "Pong", "Examples\Pong\Pong.csproj", "{194B4A24-74CB-430B-9409-A5A3230965A6}"
EndProject
Project("{9A19103F-16F7-4668-BE54-9A1E7A4F7556}") = "ImagePreviewer", "Examples\ImagePreviewer\ImagePreviewer.csproj", "{0D3E1E63-335B-48CA-8494-3EE74A2F783D}"
EndProject
Project("{2150E333-8FDC-42A3-9474-1A3956D46DE8}") = "Examples", "Examples", "{B23F146D-0486-4AC9-8860-5CAE22F1D989}"
EndProject
Global
	GlobalSection(SolutionConfigurationPlatforms) = preSolution
		Debug|Any CPU = Debug|Any CPU
		Release|Any CPU = Release|Any CPU
	EndGlobalSection
	GlobalSection(ProjectConfigurationPlatforms) = postSolution
		{4A15D24C-66B8-4777-8C62-D107EE7A0E31}.Debug|Any CPU.ActiveCfg = Debug|Any CPU
		{4A15D24C-66B8-4777-8C62-D107EE7A0E31}.Debug|Any CPU.Build.0 = Debug|Any CPU
		{4A15D24C-66B8-4777-8C62-D107EE7A0E31}.Release|Any CPU.ActiveCfg = Release|Any CPU
		{4A15D24C-66B8-4777-8C62-D107EE7A0E31}.Release|Any CPU.Build.0 = Release|Any CPU
		{97698EA6-8610-4FE7-9F32-D8DD3A73A565}.Debug|Any CPU.ActiveCfg = Debug|Any CPU
		{97698EA6-8610-4FE7-9F32-D8DD3A73A565}.Debug|Any CPU.Build.0 = Debug|Any CPU
		{97698EA6-8610-4FE7-9F32-D8DD3A73A565}.Release|Any CPU.ActiveCfg = Release|Any CPU
		{97698EA6-8610-4FE7-9F32-D8DD3A73A565}.Release|Any CPU.Build.0 = Release|Any CPU
		{6561EB31-0885-4F4B-A229-31E01D826C7A}.Debug|Any CPU.ActiveCfg = Debug|Any CPU
		{6561EB31-0885-4F4B-A229-31E01D826C7A}.Debug|Any CPU.Build.0 = Debug|Any CPU
		{6561EB31-0885-4F4B-A229-31E01D826C7A}.Release|Any CPU.ActiveCfg = Release|Any CPU
		{6561EB31-0885-4F4B-A229-31E01D826C7A}.Release|Any CPU.Build.0 = Release|Any CPU
		{4580DA38-07CB-481E-8EFD-725E029C740A}.Debug|Any CPU.ActiveCfg = Debug|Any CPU
		{4580DA38-07CB-481E-8EFD-725E029C740A}.Debug|Any CPU.Build.0 = Debug|Any CPU
		{4580DA38-07CB-481E-8EFD-725E029C740A}.Release|Any CPU.ActiveCfg = Release|Any CPU
		{4580DA38-07CB-481E-8EFD-725E029C740A}.Release|Any CPU.Build.0 = Release|Any CPU
		{69A42AD0-F66B-4B5C-BB0F-8F9B1E514432}.Debug|Any CPU.ActiveCfg = Debug|Any CPU
		{69A42AD0-F66B-4B5C-BB0F-8F9B1E514432}.Debug|Any CPU.Build.0 = Debug|Any CPU
		{69A42AD0-F66B-4B5C-BB0F-8F9B1E514432}.Release|Any CPU.ActiveCfg = Release|Any CPU
		{69A42AD0-F66B-4B5C-BB0F-8F9B1E514432}.Release|Any CPU.Build.0 = Release|Any CPU
		{1D8E818A-4D69-498B-AA95-978178283A66}.Debug|Any CPU.ActiveCfg = Debug|Any CPU
		{1D8E818A-4D69-498B-AA95-978178283A66}.Debug|Any CPU.Build.0 = Debug|Any CPU
		{1D8E818A-4D69-498B-AA95-978178283A66}.Release|Any CPU.ActiveCfg = Release|Any CPU
		{1D8E818A-4D69-498B-AA95-978178283A66}.Release|Any CPU.Build.0 = Release|Any CPU
		{2BDE109B-7938-42E0-81CC-B19BFDC41957}.Debug|Any CPU.ActiveCfg = Debug|Any CPU
		{2BDE109B-7938-42E0-81CC-B19BFDC41957}.Debug|Any CPU.Build.0 = Debug|Any CPU
		{2BDE109B-7938-42E0-81CC-B19BFDC41957}.Release|Any CPU.ActiveCfg = Release|Any CPU
		{2BDE109B-7938-42E0-81CC-B19BFDC41957}.Release|Any CPU.Build.0 = Release|Any CPU
		{06F01A5C-BF69-49F6-B87A-1E42A6A4B381}.Debug|Any CPU.ActiveCfg = Debug|Any CPU
		{06F01A5C-BF69-49F6-B87A-1E42A6A4B381}.Debug|Any CPU.Build.0 = Debug|Any CPU
		{06F01A5C-BF69-49F6-B87A-1E42A6A4B381}.Release|Any CPU.ActiveCfg = Release|Any CPU
		{06F01A5C-BF69-49F6-B87A-1E42A6A4B381}.Release|Any CPU.Build.0 = Release|Any CPU
		{4D692140-78AF-498A-B995-E6B70400E86B}.Debug|Any CPU.ActiveCfg = Debug|Any CPU
		{4D692140-78AF-498A-B995-E6B70400E86B}.Debug|Any CPU.Build.0 = Debug|Any CPU
		{4D692140-78AF-498A-B995-E6B70400E86B}.Release|Any CPU.ActiveCfg = Release|Any CPU
		{4D692140-78AF-498A-B995-E6B70400E86B}.Release|Any CPU.Build.0 = Release|Any CPU
		{194B4A24-74CB-430B-9409-A5A3230965A6}.Debug|Any CPU.ActiveCfg = Debug|Any CPU
		{194B4A24-74CB-430B-9409-A5A3230965A6}.Debug|Any CPU.Build.0 = Debug|Any CPU
		{194B4A24-74CB-430B-9409-A5A3230965A6}.Release|Any CPU.ActiveCfg = Release|Any CPU
		{194B4A24-74CB-430B-9409-A5A3230965A6}.Release|Any CPU.Build.0 = Release|Any CPU
		{0D3E1E63-335B-48CA-8494-3EE74A2F783D}.Debug|Any CPU.ActiveCfg = Debug|Any CPU
		{0D3E1E63-335B-48CA-8494-3EE74A2F783D}.Debug|Any CPU.Build.0 = Debug|Any CPU
		{0D3E1E63-335B-48CA-8494-3EE74A2F783D}.Release|Any CPU.ActiveCfg = Release|Any CPU
		{0D3E1E63-335B-48CA-8494-3EE74A2F783D}.Release|Any CPU.Build.0 = Release|Any CPU
	EndGlobalSection
	GlobalSection(SolutionProperties) = preSolution
		HideSolutionNode = FALSE
	EndGlobalSection
	GlobalSection(NestedProjects) = preSolution
		{69A42AD0-F66B-4B5C-BB0F-8F9B1E514432} = {B23F146D-0486-4AC9-8860-5CAE22F1D989}
		{194B4A24-74CB-430B-9409-A5A3230965A6} = {B23F146D-0486-4AC9-8860-5CAE22F1D989}
		{0D3E1E63-335B-48CA-8494-3EE74A2F783D} = {B23F146D-0486-4AC9-8860-5CAE22F1D989}
	EndGlobalSection
	GlobalSection(ExtensibilityGlobals) = postSolution
		SolutionGuid = {919C15E1-0C7C-45B5-9484-1F0A3CECB100}
	EndGlobalSection
EndGlobal
